// !$*UTF8*$!
{
	archiveVersion = 1;
	classes = {
	};
	objectVersion = 46;
	objects = {

/* Begin PBXBuildFile section */
		112F3ABCB3CEAA4952BACD82 /* Pods_KIGitTrendingTests.framework in Frameworks */ = {isa = PBXBuildFile; fileRef = 16CE32BCD15E5B78957C3D19 /* Pods_KIGitTrendingTests.framework */; };
		297DFAC39E1D5D771E88055F /* Pods_KIGitTrendingUITests.framework in Frameworks */ = {isa = PBXBuildFile; fileRef = B166E8D3A5207675D0D1C77F /* Pods_KIGitTrendingUITests.framework */; };
		8F09ECD11EF29F1900F85D71 /* AppDelegate.swift in Sources */ = {isa = PBXBuildFile; fileRef = 8F09ECD01EF29F1900F85D71 /* AppDelegate.swift */; };
		8F09ECD61EF29F1900F85D71 /* Main.storyboard in Resources */ = {isa = PBXBuildFile; fileRef = 8F09ECD41EF29F1900F85D71 /* Main.storyboard */; };
		8F09ECD91EF29F1900F85D71 /* KIGitTrending.xcdatamodeld in Sources */ = {isa = PBXBuildFile; fileRef = 8F09ECD71EF29F1900F85D71 /* KIGitTrending.xcdatamodeld */; };
		8F09ECDB1EF29F1900F85D71 /* Assets.xcassets in Resources */ = {isa = PBXBuildFile; fileRef = 8F09ECDA1EF29F1900F85D71 /* Assets.xcassets */; };
		8F09ECDE1EF29F1900F85D71 /* LaunchScreen.storyboard in Resources */ = {isa = PBXBuildFile; fileRef = 8F09ECDC1EF29F1900F85D71 /* LaunchScreen.storyboard */; };
		8F09ECE91EF29F1900F85D71 /* KIGitTrendingTests.swift in Sources */ = {isa = PBXBuildFile; fileRef = 8F09ECE81EF29F1900F85D71 /* KIGitTrendingTests.swift */; };
		8F09ECF41EF29F1900F85D71 /* KIGitTrendingUITests.swift in Sources */ = {isa = PBXBuildFile; fileRef = 8F09ECF31EF29F1900F85D71 /* KIGitTrendingUITests.swift */; };
		9B4293061EFF4E600010B9F4 /* GitData.swift in Sources */ = {isa = PBXBuildFile; fileRef = 9B4293051EFF4E600010B9F4 /* GitData.swift */; };
		9B42930A1EFFA9180010B9F4 /* DetailWebViewController.swift in Sources */ = {isa = PBXBuildFile; fileRef = 9B4293091EFFA9180010B9F4 /* DetailWebViewController.swift */; };
		9B95B7E81EFABA6000678112 /* ListViewController.swift in Sources */ = {isa = PBXBuildFile; fileRef = 9B95B7E71EFABA6000678112 /* ListViewController.swift */; };
		EB25E9D4EC7BAF01449C7388 /* Pods_KIGitTrending.framework in Frameworks */ = {isa = PBXBuildFile; fileRef = F287D36F28ED3FA6320F6079 /* Pods_KIGitTrending.framework */; };
/* End PBXBuildFile section */

/* Begin PBXContainerItemProxy section */
		8F09ECE51EF29F1900F85D71 /* PBXContainerItemProxy */ = {
			isa = PBXContainerItemProxy;
			containerPortal = 8F09ECC51EF29F1900F85D71 /* Project object */;
			proxyType = 1;
			remoteGlobalIDString = 8F09ECCC1EF29F1900F85D71;
			remoteInfo = KIGitTrending;
		};
		8F09ECF01EF29F1900F85D71 /* PBXContainerItemProxy */ = {
			isa = PBXContainerItemProxy;
			containerPortal = 8F09ECC51EF29F1900F85D71 /* Project object */;
			proxyType = 1;
			remoteGlobalIDString = 8F09ECCC1EF29F1900F85D71;
			remoteInfo = KIGitTrending;
		};
/* End PBXContainerItemProxy section */

/* Begin PBXFileReference section */
		021D301CD2A6DE2B278B9DD6 /* Pods-KIGitTrendingTests.release.xcconfig */ = {isa = PBXFileReference; includeInIndex = 1; lastKnownFileType = text.xcconfig; name = "Pods-KIGitTrendingTests.release.xcconfig"; path = "Pods/Target Support Files/Pods-KIGitTrendingTests/Pods-KIGitTrendingTests.release.xcconfig"; sourceTree = "<group>"; };
		16CE32BCD15E5B78957C3D19 /* Pods_KIGitTrendingTests.framework */ = {isa = PBXFileReference; explicitFileType = wrapper.framework; includeInIndex = 0; path = Pods_KIGitTrendingTests.framework; sourceTree = BUILT_PRODUCTS_DIR; };
		3A2E1CED055B566B000007E5 /* Pods-KIGitTrendingUITests.release.xcconfig */ = {isa = PBXFileReference; includeInIndex = 1; lastKnownFileType = text.xcconfig; name = "Pods-KIGitTrendingUITests.release.xcconfig"; path = "Pods/Target Support Files/Pods-KIGitTrendingUITests/Pods-KIGitTrendingUITests.release.xcconfig"; sourceTree = "<group>"; };
		88D028431F8F895F35995BCD /* Pods-KIGitTrendingTests.debug.xcconfig */ = {isa = PBXFileReference; includeInIndex = 1; lastKnownFileType = text.xcconfig; name = "Pods-KIGitTrendingTests.debug.xcconfig"; path = "Pods/Target Support Files/Pods-KIGitTrendingTests/Pods-KIGitTrendingTests.debug.xcconfig"; sourceTree = "<group>"; };
		8F09ECCD1EF29F1900F85D71 /* KIGitTrending.app */ = {isa = PBXFileReference; explicitFileType = wrapper.application; includeInIndex = 0; path = KIGitTrending.app; sourceTree = BUILT_PRODUCTS_DIR; };
		8F09ECD01EF29F1900F85D71 /* AppDelegate.swift */ = {isa = PBXFileReference; lastKnownFileType = sourcecode.swift; path = AppDelegate.swift; sourceTree = "<group>"; };
		8F09ECD51EF29F1900F85D71 /* Base */ = {isa = PBXFileReference; lastKnownFileType = file.storyboard; name = Base; path = Base.lproj/Main.storyboard; sourceTree = "<group>"; };
		8F09ECD81EF29F1900F85D71 /* KIGitTrending.xcdatamodel */ = {isa = PBXFileReference; lastKnownFileType = wrapper.xcdatamodel; path = KIGitTrending.xcdatamodel; sourceTree = "<group>"; };
		8F09ECDA1EF29F1900F85D71 /* Assets.xcassets */ = {isa = PBXFileReference; lastKnownFileType = folder.assetcatalog; path = Assets.xcassets; sourceTree = "<group>"; };
		8F09ECDD1EF29F1900F85D71 /* Base */ = {isa = PBXFileReference; lastKnownFileType = file.storyboard; name = Base; path = Base.lproj/LaunchScreen.storyboard; sourceTree = "<group>"; };
		8F09ECDF1EF29F1900F85D71 /* Info.plist */ = {isa = PBXFileReference; lastKnownFileType = text.plist.xml; path = Info.plist; sourceTree = "<group>"; };
		8F09ECE41EF29F1900F85D71 /* KIGitTrendingTests.xctest */ = {isa = PBXFileReference; explicitFileType = wrapper.cfbundle; includeInIndex = 0; path = KIGitTrendingTests.xctest; sourceTree = BUILT_PRODUCTS_DIR; };
		8F09ECE81EF29F1900F85D71 /* KIGitTrendingTests.swift */ = {isa = PBXFileReference; lastKnownFileType = sourcecode.swift; path = KIGitTrendingTests.swift; sourceTree = "<group>"; };
		8F09ECEA1EF29F1900F85D71 /* Info.plist */ = {isa = PBXFileReference; lastKnownFileType = text.plist.xml; path = Info.plist; sourceTree = "<group>"; };
		8F09ECEF1EF29F1900F85D71 /* KIGitTrendingUITests.xctest */ = {isa = PBXFileReference; explicitFileType = wrapper.cfbundle; includeInIndex = 0; path = KIGitTrendingUITests.xctest; sourceTree = BUILT_PRODUCTS_DIR; };
		8F09ECF31EF29F1900F85D71 /* KIGitTrendingUITests.swift */ = {isa = PBXFileReference; lastKnownFileType = sourcecode.swift; path = KIGitTrendingUITests.swift; sourceTree = "<group>"; };
		8F09ECF51EF29F1900F85D71 /* Info.plist */ = {isa = PBXFileReference; lastKnownFileType = text.plist.xml; path = Info.plist; sourceTree = "<group>"; };
		9B4293051EFF4E600010B9F4 /* GitData.swift */ = {isa = PBXFileReference; fileEncoding = 4; lastKnownFileType = sourcecode.swift; path = GitData.swift; sourceTree = "<group>"; };
		9B4293091EFFA9180010B9F4 /* DetailWebViewController.swift */ = {isa = PBXFileReference; fileEncoding = 4; lastKnownFileType = sourcecode.swift; path = DetailWebViewController.swift; sourceTree = "<group>"; };
		9B95B7E71EFABA6000678112 /* ListViewController.swift */ = {isa = PBXFileReference; fileEncoding = 4; lastKnownFileType = sourcecode.swift; path = ListViewController.swift; sourceTree = "<group>"; };
		9DE358FA0DC72B3653F84B99 /* Pods-KIGitTrendingUITests.debug.xcconfig */ = {isa = PBXFileReference; includeInIndex = 1; lastKnownFileType = text.xcconfig; name = "Pods-KIGitTrendingUITests.debug.xcconfig"; path = "Pods/Target Support Files/Pods-KIGitTrendingUITests/Pods-KIGitTrendingUITests.debug.xcconfig"; sourceTree = "<group>"; };
		B166E8D3A5207675D0D1C77F /* Pods_KIGitTrendingUITests.framework */ = {isa = PBXFileReference; explicitFileType = wrapper.framework; includeInIndex = 0; path = Pods_KIGitTrendingUITests.framework; sourceTree = BUILT_PRODUCTS_DIR; };
		DE8446A798D97F75F123BF3F /* Pods-KIGitTrending.release.xcconfig */ = {isa = PBXFileReference; includeInIndex = 1; lastKnownFileType = text.xcconfig; name = "Pods-KIGitTrending.release.xcconfig"; path = "Pods/Target Support Files/Pods-KIGitTrending/Pods-KIGitTrending.release.xcconfig"; sourceTree = "<group>"; };
		F287D36F28ED3FA6320F6079 /* Pods_KIGitTrending.framework */ = {isa = PBXFileReference; explicitFileType = wrapper.framework; includeInIndex = 0; path = Pods_KIGitTrending.framework; sourceTree = BUILT_PRODUCTS_DIR; };
		FAA265591C5556FF1F04AEFE /* Pods-KIGitTrending.debug.xcconfig */ = {isa = PBXFileReference; includeInIndex = 1; lastKnownFileType = text.xcconfig; name = "Pods-KIGitTrending.debug.xcconfig"; path = "Pods/Target Support Files/Pods-KIGitTrending/Pods-KIGitTrending.debug.xcconfig"; sourceTree = "<group>"; };
/* End PBXFileReference section */

/* Begin PBXFrameworksBuildPhase section */
		8F09ECCA1EF29F1900F85D71 /* Frameworks */ = {
			isa = PBXFrameworksBuildPhase;
			buildActionMask = 2147483647;
			files = (
				EB25E9D4EC7BAF01449C7388 /* Pods_KIGitTrending.framework in Frameworks */,
			);
			runOnlyForDeploymentPostprocessing = 0;
		};
		8F09ECE11EF29F1900F85D71 /* Frameworks */ = {
			isa = PBXFrameworksBuildPhase;
			buildActionMask = 2147483647;
			files = (
				112F3ABCB3CEAA4952BACD82 /* Pods_KIGitTrendingTests.framework in Frameworks */,
			);
			runOnlyForDeploymentPostprocessing = 0;
		};
		8F09ECEC1EF29F1900F85D71 /* Frameworks */ = {
			isa = PBXFrameworksBuildPhase;
			buildActionMask = 2147483647;
			files = (
				297DFAC39E1D5D771E88055F /* Pods_KIGitTrendingUITests.framework in Frameworks */,
			);
			runOnlyForDeploymentPostprocessing = 0;
		};
/* End PBXFrameworksBuildPhase section */

/* Begin PBXGroup section */
		8F09ECC41EF29F1900F85D71 = {
			isa = PBXGroup;
			children = (
				8F09ECCF1EF29F1900F85D71 /* KIGitTrending */,
				8F09ECE71EF29F1900F85D71 /* KIGitTrendingTests */,
				8F09ECF21EF29F1900F85D71 /* KIGitTrendingUITests */,
				8F09ECCE1EF29F1900F85D71 /* Products */,
				D52A77BED6F838A38EAD8E5D /* Pods */,
				DFF79630C391D28BD33B73BB /* Frameworks */,
			);
			sourceTree = "<group>";
		};
		8F09ECCE1EF29F1900F85D71 /* Products */ = {
			isa = PBXGroup;
			children = (
				8F09ECCD1EF29F1900F85D71 /* KIGitTrending.app */,
				8F09ECE41EF29F1900F85D71 /* KIGitTrendingTests.xctest */,
				8F09ECEF1EF29F1900F85D71 /* KIGitTrendingUITests.xctest */,
			);
			name = Products;
			sourceTree = "<group>";
		};
		8F09ECCF1EF29F1900F85D71 /* KIGitTrending */ = {
			isa = PBXGroup;
			children = (
				8F09ECD01EF29F1900F85D71 /* AppDelegate.swift */,
				8F09ECD41EF29F1900F85D71 /* Main.storyboard */,
				9B4293091EFFA9180010B9F4 /* DetailWebViewController.swift */,
				9B95B7E71EFABA6000678112 /* ListViewController.swift */,
				8F09ECDA1EF29F1900F85D71 /* Assets.xcassets */,
				8F09ECDC1EF29F1900F85D71 /* LaunchScreen.storyboard */,
				8F09ECDF1EF29F1900F85D71 /* Info.plist */,
				8F09ECD71EF29F1900F85D71 /* KIGitTrending.xcdatamodeld */,
				9B4293051EFF4E600010B9F4 /* GitData.swift */,
			);
			path = KIGitTrending;
			sourceTree = "<group>";
		};
		8F09ECE71EF29F1900F85D71 /* KIGitTrendingTests */ = {
			isa = PBXGroup;
			children = (
				8F09ECE81EF29F1900F85D71 /* KIGitTrendingTests.swift */,
				8F09ECEA1EF29F1900F85D71 /* Info.plist */,
			);
			path = KIGitTrendingTests;
			sourceTree = "<group>";
		};
		8F09ECF21EF29F1900F85D71 /* KIGitTrendingUITests */ = {
			isa = PBXGroup;
			children = (
				8F09ECF31EF29F1900F85D71 /* KIGitTrendingUITests.swift */,
				8F09ECF51EF29F1900F85D71 /* Info.plist */,
			);
			path = KIGitTrendingUITests;
			sourceTree = "<group>";
		};
		D52A77BED6F838A38EAD8E5D /* Pods */ = {
			isa = PBXGroup;
			children = (
				FAA265591C5556FF1F04AEFE /* Pods-KIGitTrending.debug.xcconfig */,
				DE8446A798D97F75F123BF3F /* Pods-KIGitTrending.release.xcconfig */,
				88D028431F8F895F35995BCD /* Pods-KIGitTrendingTests.debug.xcconfig */,
				021D301CD2A6DE2B278B9DD6 /* Pods-KIGitTrendingTests.release.xcconfig */,
				9DE358FA0DC72B3653F84B99 /* Pods-KIGitTrendingUITests.debug.xcconfig */,
				3A2E1CED055B566B000007E5 /* Pods-KIGitTrendingUITests.release.xcconfig */,
			);
			name = Pods;
			sourceTree = "<group>";
		};
		DFF79630C391D28BD33B73BB /* Frameworks */ = {
			isa = PBXGroup;
			children = (
				F287D36F28ED3FA6320F6079 /* Pods_KIGitTrending.framework */,
				16CE32BCD15E5B78957C3D19 /* Pods_KIGitTrendingTests.framework */,
				B166E8D3A5207675D0D1C77F /* Pods_KIGitTrendingUITests.framework */,
			);
			name = Frameworks;
			sourceTree = "<group>";
		};
/* End PBXGroup section */

/* Begin PBXNativeTarget section */
		8F09ECCC1EF29F1900F85D71 /* KIGitTrending */ = {
			isa = PBXNativeTarget;
			buildConfigurationList = 8F09ECF81EF29F1900F85D71 /* Build configuration list for PBXNativeTarget "KIGitTrending" */;
			buildPhases = (
				3C8BEB32C1CAF7C6B596130A /* [CP] Check Pods Manifest.lock */,
				8F09ECC91EF29F1900F85D71 /* Sources */,
				8F09ECCA1EF29F1900F85D71 /* Frameworks */,
				8F09ECCB1EF29F1900F85D71 /* Resources */,
				026DD00EC95F60B4023B7203 /* [CP] Embed Pods Frameworks */,
				FCF43ABF6DA8CD06B9FECA41 /* [CP] Copy Pods Resources */,
			);
			buildRules = (
			);
			dependencies = (
			);
			name = KIGitTrending;
			productName = KIGitTrending;
			productReference = 8F09ECCD1EF29F1900F85D71 /* KIGitTrending.app */;
			productType = "com.apple.product-type.application";
		};
		8F09ECE31EF29F1900F85D71 /* KIGitTrendingTests */ = {
			isa = PBXNativeTarget;
			buildConfigurationList = 8F09ECFB1EF29F1900F85D71 /* Build configuration list for PBXNativeTarget "KIGitTrendingTests" */;
			buildPhases = (
				0F55D1041D4ECE87259A616E /* [CP] Check Pods Manifest.lock */,
				8F09ECE01EF29F1900F85D71 /* Sources */,
				8F09ECE11EF29F1900F85D71 /* Frameworks */,
				8F09ECE21EF29F1900F85D71 /* Resources */,
				399960248D57BD6B94DE65FB /* [CP] Embed Pods Frameworks */,
				12917ECD56E3EE174D0422BC /* [CP] Copy Pods Resources */,
			);
			buildRules = (
			);
			dependencies = (
				8F09ECE61EF29F1900F85D71 /* PBXTargetDependency */,
			);
			name = KIGitTrendingTests;
			productName = KIGitTrendingTests;
			productReference = 8F09ECE41EF29F1900F85D71 /* KIGitTrendingTests.xctest */;
			productType = "com.apple.product-type.bundle.unit-test";
		};
		8F09ECEE1EF29F1900F85D71 /* KIGitTrendingUITests */ = {
			isa = PBXNativeTarget;
			buildConfigurationList = 8F09ECFE1EF29F1900F85D71 /* Build configuration list for PBXNativeTarget "KIGitTrendingUITests" */;
			buildPhases = (
				227B53135ED3C68A485BC7B8 /* [CP] Check Pods Manifest.lock */,
				8F09ECEB1EF29F1900F85D71 /* Sources */,
				8F09ECEC1EF29F1900F85D71 /* Frameworks */,
				8F09ECED1EF29F1900F85D71 /* Resources */,
				0F5E39F2E6460FEC357E8404 /* [CP] Embed Pods Frameworks */,
				55A1CB55854232151D72EEBA /* [CP] Copy Pods Resources */,
			);
			buildRules = (
			);
			dependencies = (
				8F09ECF11EF29F1900F85D71 /* PBXTargetDependency */,
			);
			name = KIGitTrendingUITests;
			productName = KIGitTrendingUITests;
			productReference = 8F09ECEF1EF29F1900F85D71 /* KIGitTrendingUITests.xctest */;
			productType = "com.apple.product-type.bundle.ui-testing";
		};
/* End PBXNativeTarget section */

/* Begin PBXProject section */
		8F09ECC51EF29F1900F85D71 /* Project object */ = {
			isa = PBXProject;
			attributes = {
				LastSwiftUpdateCheck = 0830;
				LastUpgradeCheck = 0830;
				ORGANIZATIONNAME = KI;
				TargetAttributes = {
					8F09ECCC1EF29F1900F85D71 = {
						CreatedOnToolsVersion = 8.3;
						DevelopmentTeam = 2HLNWTACRJ;
						ProvisioningStyle = Automatic;
					};
					8F09ECE31EF29F1900F85D71 = {
						CreatedOnToolsVersion = 8.3;
						ProvisioningStyle = Automatic;
						TestTargetID = 8F09ECCC1EF29F1900F85D71;
					};
					8F09ECEE1EF29F1900F85D71 = {
						CreatedOnToolsVersion = 8.3;
						ProvisioningStyle = Automatic;
						TestTargetID = 8F09ECCC1EF29F1900F85D71;
					};
				};
			};
			buildConfigurationList = 8F09ECC81EF29F1900F85D71 /* Build configuration list for PBXProject "KIGitTrending" */;
			compatibilityVersion = "Xcode 3.2";
			developmentRegion = English;
			hasScannedForEncodings = 0;
			knownRegions = (
				en,
				Base,
			);
			mainGroup = 8F09ECC41EF29F1900F85D71;
			productRefGroup = 8F09ECCE1EF29F1900F85D71 /* Products */;
			projectDirPath = "";
			projectRoot = "";
			targets = (
				8F09ECCC1EF29F1900F85D71 /* KIGitTrending */,
				8F09ECE31EF29F1900F85D71 /* KIGitTrendingTests */,
				8F09ECEE1EF29F1900F85D71 /* KIGitTrendingUITests */,
			);
		};
/* End PBXProject section */

/* Begin PBXResourcesBuildPhase section */
		8F09ECCB1EF29F1900F85D71 /* Resources */ = {
			isa = PBXResourcesBuildPhase;
			buildActionMask = 2147483647;
			files = (
				8F09ECDE1EF29F1900F85D71 /* LaunchScreen.storyboard in Resources */,
				8F09ECDB1EF29F1900F85D71 /* Assets.xcassets in Resources */,
				8F09ECD61EF29F1900F85D71 /* Main.storyboard in Resources */,
			);
			runOnlyForDeploymentPostprocessing = 0;
		};
		8F09ECE21EF29F1900F85D71 /* Resources */ = {
			isa = PBXResourcesBuildPhase;
			buildActionMask = 2147483647;
			files = (
			);
			runOnlyForDeploymentPostprocessing = 0;
		};
		8F09ECED1EF29F1900F85D71 /* Resources */ = {
			isa = PBXResourcesBuildPhase;
			buildActionMask = 2147483647;
			files = (
			);
			runOnlyForDeploymentPostprocessing = 0;
		};
/* End PBXResourcesBuildPhase section */

/* Begin PBXShellScriptBuildPhase section */
		026DD00EC95F60B4023B7203 /* [CP] Embed Pods Frameworks */ = {
			isa = PBXShellScriptBuildPhase;
			buildActionMask = 2147483647;
			files = (
			);
			inputPaths = (
			);
			name = "[CP] Embed Pods Frameworks";
			outputPaths = (
			);
			runOnlyForDeploymentPostprocessing = 0;
			shellPath = /bin/sh;
			shellScript = "\"${SRCROOT}/Pods/Target Support Files/Pods-KIGitTrending/Pods-KIGitTrending-frameworks.sh\"\n";
			showEnvVarsInLog = 0;
		};
		0F55D1041D4ECE87259A616E /* [CP] Check Pods Manifest.lock */ = {
			isa = PBXShellScriptBuildPhase;
			buildActionMask = 2147483647;
			files = (
			);
			inputPaths = (
			);
			name = "[CP] Check Pods Manifest.lock";
			outputPaths = (
			);
			runOnlyForDeploymentPostprocessing = 0;
			shellPath = /bin/sh;
			shellScript = "diff \"${PODS_PODFILE_DIR_PATH}/Podfile.lock\" \"${PODS_ROOT}/Manifest.lock\" > /dev/null\nif [ $? != 0 ] ; then\n    # print error to STDERR\n    echo \"error: The sandbox is not in sync with the Podfile.lock. Run 'pod install' or update your CocoaPods installation.\" >&2\n    exit 1\nfi\n";
			showEnvVarsInLog = 0;
		};
		0F5E39F2E6460FEC357E8404 /* [CP] Embed Pods Frameworks */ = {
			isa = PBXShellScriptBuildPhase;
			buildActionMask = 2147483647;
			files = (
			);
			inputPaths = (
			);
			name = "[CP] Embed Pods Frameworks";
			outputPaths = (
			);
			runOnlyForDeploymentPostprocessing = 0;
			shellPath = /bin/sh;
			shellScript = "\"${SRCROOT}/Pods/Target Support Files/Pods-KIGitTrendingUITests/Pods-KIGitTrendingUITests-frameworks.sh\"\n";
			showEnvVarsInLog = 0;
		};
		12917ECD56E3EE174D0422BC /* [CP] Copy Pods Resources */ = {
			isa = PBXShellScriptBuildPhase;
			buildActionMask = 2147483647;
			files = (
			);
			inputPaths = (
			);
			name = "[CP] Copy Pods Resources";
			outputPaths = (
			);
			runOnlyForDeploymentPostprocessing = 0;
			shellPath = /bin/sh;
			shellScript = "\"${SRCROOT}/Pods/Target Support Files/Pods-KIGitTrendingTests/Pods-KIGitTrendingTests-resources.sh\"\n";
			showEnvVarsInLog = 0;
		};
		227B53135ED3C68A485BC7B8 /* [CP] Check Pods Manifest.lock */ = {
			isa = PBXShellScriptBuildPhase;
			buildActionMask = 2147483647;
			files = (
			);
			inputPaths = (
			);
			name = "[CP] Check Pods Manifest.lock";
			outputPaths = (
			);
			runOnlyForDeploymentPostprocessing = 0;
			shellPath = /bin/sh;
			shellScript = "diff \"${PODS_PODFILE_DIR_PATH}/Podfile.lock\" \"${PODS_ROOT}/Manifest.lock\" > /dev/null\nif [ $? != 0 ] ; then\n    # print error to STDERR\n    echo \"error: The sandbox is not in sync with the Podfile.lock. Run 'pod install' or update your CocoaPods installation.\" >&2\n    exit 1\nfi\n";
			showEnvVarsInLog = 0;
		};
		399960248D57BD6B94DE65FB /* [CP] Embed Pods Frameworks */ = {
			isa = PBXShellScriptBuildPhase;
			buildActionMask = 2147483647;
			files = (
			);
			inputPaths = (
			);
			name = "[CP] Embed Pods Frameworks";
			outputPaths = (
			);
			runOnlyForDeploymentPostprocessing = 0;
			shellPath = /bin/sh;
			shellScript = "\"${SRCROOT}/Pods/Target Support Files/Pods-KIGitTrendingTests/Pods-KIGitTrendingTests-frameworks.sh\"\n";
			showEnvVarsInLog = 0;
		};
		3C8BEB32C1CAF7C6B596130A /* [CP] Check Pods Manifest.lock */ = {
			isa = PBXShellScriptBuildPhase;
			buildActionMask = 2147483647;
			files = (
			);
			inputPaths = (
			);
			name = "[CP] Check Pods Manifest.lock";
			outputPaths = (
			);
			runOnlyForDeploymentPostprocessing = 0;
			shellPath = /bin/sh;
			shellScript = "diff \"${PODS_PODFILE_DIR_PATH}/Podfile.lock\" \"${PODS_ROOT}/Manifest.lock\" > /dev/null\nif [ $? != 0 ] ; then\n    # print error to STDERR\n    echo \"error: The sandbox is not in sync with the Podfile.lock. Run 'pod install' or update your CocoaPods installation.\" >&2\n    exit 1\nfi\n";
			showEnvVarsInLog = 0;
		};
		55A1CB55854232151D72EEBA /* [CP] Copy Pods Resources */ = {
			isa = PBXShellScriptBuildPhase;
			buildActionMask = 2147483647;
			files = (
			);
			inputPaths = (
			);
			name = "[CP] Copy Pods Resources";
			outputPaths = (
			);
			runOnlyForDeploymentPostprocessing = 0;
			shellPath = /bin/sh;
			shellScript = "\"${SRCROOT}/Pods/Target Support Files/Pods-KIGitTrendingUITests/Pods-KIGitTrendingUITests-resources.sh\"\n";
			showEnvVarsInLog = 0;
		};
		FCF43ABF6DA8CD06B9FECA41 /* [CP] Copy Pods Resources */ = {
			isa = PBXShellScriptBuildPhase;
			buildActionMask = 2147483647;
			files = (
			);
			inputPaths = (
			);
			name = "[CP] Copy Pods Resources";
			outputPaths = (
			);
			runOnlyForDeploymentPostprocessing = 0;
			shellPath = /bin/sh;
			shellScript = "\"${SRCROOT}/Pods/Target Support Files/Pods-KIGitTrending/Pods-KIGitTrending-resources.sh\"\n";
			showEnvVarsInLog = 0;
		};
/* End PBXShellScriptBuildPhase section */

/* Begin PBXSourcesBuildPhase section */
		8F09ECC91EF29F1900F85D71 /* Sources */ = {
			isa = PBXSourcesBuildPhase;
			buildActionMask = 2147483647;
			files = (
				8F09ECD91EF29F1900F85D71 /* KIGitTrending.xcdatamodeld in Sources */,
				9B95B7E81EFABA6000678112 /* ListViewController.swift in Sources */,
				9B4293061EFF4E600010B9F4 /* GitData.swift in Sources */,
				8F09ECD11EF29F1900F85D71 /* AppDelegate.swift in Sources */,
				9B42930A1EFFA9180010B9F4 /* DetailWebViewController.swift in Sources */,
			);
			runOnlyForDeploymentPostprocessing = 0;
		};
		8F09ECE01EF29F1900F85D71 /* Sources */ = {
			isa = PBXSourcesBuildPhase;
			buildActionMask = 2147483647;
			files = (
				8F09ECE91EF29F1900F85D71 /* KIGitTrendingTests.swift in Sources */,
			);
			runOnlyForDeploymentPostprocessing = 0;
		};
		8F09ECEB1EF29F1900F85D71 /* Sources */ = {
			isa = PBXSourcesBuildPhase;
			buildActionMask = 2147483647;
			files = (
				8F09ECF41EF29F1900F85D71 /* KIGitTrendingUITests.swift in Sources */,
			);
			runOnlyForDeploymentPostprocessing = 0;
		};
/* End PBXSourcesBuildPhase section */

/* Begin PBXTargetDependency section */
		8F09ECE61EF29F1900F85D71 /* PBXTargetDependency */ = {
			isa = PBXTargetDependency;
			target = 8F09ECCC1EF29F1900F85D71 /* KIGitTrending */;
			targetProxy = 8F09ECE51EF29F1900F85D71 /* PBXContainerItemProxy */;
		};
		8F09ECF11EF29F1900F85D71 /* PBXTargetDependency */ = {
			isa = PBXTargetDependency;
			target = 8F09ECCC1EF29F1900F85D71 /* KIGitTrending */;
			targetProxy = 8F09ECF01EF29F1900F85D71 /* PBXContainerItemProxy */;
		};
/* End PBXTargetDependency section */

/* Begin PBXVariantGroup section */
		8F09ECD41EF29F1900F85D71 /* Main.storyboard */ = {
			isa = PBXVariantGroup;
			children = (
				8F09ECD51EF29F1900F85D71 /* Base */,
			);
			name = Main.storyboard;
			sourceTree = "<group>";
		};
		8F09ECDC1EF29F1900F85D71 /* LaunchScreen.storyboard */ = {
			isa = PBXVariantGroup;
			children = (
				8F09ECDD1EF29F1900F85D71 /* Base */,
			);
			name = LaunchScreen.storyboard;
			sourceTree = "<group>";
		};
/* End PBXVariantGroup section */

/* Begin XCBuildConfiguration section */
		8F09ECF61EF29F1900F85D71 /* Debug */ = {
			isa = XCBuildConfiguration;
			buildSettings = {
				ALWAYS_SEARCH_USER_PATHS = NO;
				CLANG_ANALYZER_NONNULL = YES;
				CLANG_ANALYZER_NUMBER_OBJECT_CONVERSION = YES_AGGRESSIVE;
				CLANG_CXX_LANGUAGE_STANDARD = "gnu++0x";
				CLANG_CXX_LIBRARY = "libc++";
				CLANG_ENABLE_MODULES = YES;
				CLANG_ENABLE_OBJC_ARC = YES;
				CLANG_WARN_BOOL_CONVERSION = YES;
				CLANG_WARN_CONSTANT_CONVERSION = YES;
				CLANG_WARN_DIRECT_OBJC_ISA_USAGE = YES_ERROR;
				CLANG_WARN_DOCUMENTATION_COMMENTS = YES;
				CLANG_WARN_EMPTY_BODY = YES;
				CLANG_WARN_ENUM_CONVERSION = YES;
				CLANG_WARN_INFINITE_RECURSION = YES;
				CLANG_WARN_INT_CONVERSION = YES;
				CLANG_WARN_OBJC_ROOT_CLASS = YES_ERROR;
				CLANG_WARN_SUSPICIOUS_MOVE = YES;
				CLANG_WARN_UNREACHABLE_CODE = YES;
				CLANG_WARN__DUPLICATE_METHOD_MATCH = YES;
				"CODE_SIGN_IDENTITY[sdk=iphoneos*]" = "iPhone Developer";
				COPY_PHASE_STRIP = NO;
				DEBUG_INFORMATION_FORMAT = dwarf;
				ENABLE_STRICT_OBJC_MSGSEND = YES;
				ENABLE_TESTABILITY = YES;
				GCC_C_LANGUAGE_STANDARD = gnu99;
				GCC_DYNAMIC_NO_PIC = NO;
				GCC_NO_COMMON_BLOCKS = YES;
				GCC_OPTIMIZATION_LEVEL = 0;
				GCC_PREPROCESSOR_DEFINITIONS = (
					"DEBUG=1",
					"$(inherited)",
				);
				GCC_WARN_64_TO_32_BIT_CONVERSION = YES;
				GCC_WARN_ABOUT_RETURN_TYPE = YES_ERROR;
				GCC_WARN_UNDECLARED_SELECTOR = YES;
				GCC_WARN_UNINITIALIZED_AUTOS = YES_AGGRESSIVE;
				GCC_WARN_UNUSED_FUNCTION = YES;
				GCC_WARN_UNUSED_VARIABLE = YES;
				IPHONEOS_DEPLOYMENT_TARGET = 10.3;
				MTL_ENABLE_DEBUG_INFO = YES;
				ONLY_ACTIVE_ARCH = YES;
				SDKROOT = iphoneos;
				SWIFT_ACTIVE_COMPILATION_CONDITIONS = DEBUG;
				SWIFT_OPTIMIZATION_LEVEL = "-Onone";
				TARGETED_DEVICE_FAMILY = "1,2";
			};
			name = Debug;
		};
		8F09ECF71EF29F1900F85D71 /* Release */ = {
			isa = XCBuildConfiguration;
			buildSettings = {
				ALWAYS_SEARCH_USER_PATHS = NO;
				CLANG_ANALYZER_NONNULL = YES;
				CLANG_ANALYZER_NUMBER_OBJECT_CONVERSION = YES_AGGRESSIVE;
				CLANG_CXX_LANGUAGE_STANDARD = "gnu++0x";
				CLANG_CXX_LIBRARY = "libc++";
				CLANG_ENABLE_MODULES = YES;
				CLANG_ENABLE_OBJC_ARC = YES;
				CLANG_WARN_BOOL_CONVERSION = YES;
				CLANG_WARN_CONSTANT_CONVERSION = YES;
				CLANG_WARN_DIRECT_OBJC_ISA_USAGE = YES_ERROR;
				CLANG_WARN_DOCUMENTATION_COMMENTS = YES;
				CLANG_WARN_EMPTY_BODY = YES;
				CLANG_WARN_ENUM_CONVERSION = YES;
				CLANG_WARN_INFINITE_RECURSION = YES;
				CLANG_WARN_INT_CONVERSION = YES;
				CLANG_WARN_OBJC_ROOT_CLASS = YES_ERROR;
				CLANG_WARN_SUSPICIOUS_MOVE = YES;
				CLANG_WARN_UNREACHABLE_CODE = YES;
				CLANG_WARN__DUPLICATE_METHOD_MATCH = YES;
				"CODE_SIGN_IDENTITY[sdk=iphoneos*]" = "iPhone Developer";
				COPY_PHASE_STRIP = NO;
				DEBUG_INFORMATION_FORMAT = "dwarf-with-dsym";
				ENABLE_NS_ASSERTIONS = NO;
				ENABLE_STRICT_OBJC_MSGSEND = YES;
				GCC_C_LANGUAGE_STANDARD = gnu99;
				GCC_NO_COMMON_BLOCKS = YES;
				GCC_WARN_64_TO_32_BIT_CONVERSION = YES;
				GCC_WARN_ABOUT_RETURN_TYPE = YES_ERROR;
				GCC_WARN_UNDECLARED_SELECTOR = YES;
				GCC_WARN_UNINITIALIZED_AUTOS = YES_AGGRESSIVE;
				GCC_WARN_UNUSED_FUNCTION = YES;
				GCC_WARN_UNUSED_VARIABLE = YES;
				IPHONEOS_DEPLOYMENT_TARGET = 10.3;
				MTL_ENABLE_DEBUG_INFO = NO;
				SDKROOT = iphoneos;
				SWIFT_OPTIMIZATION_LEVEL = "-Owholemodule";
				TARGETED_DEVICE_FAMILY = "1,2";
				VALIDATE_PRODUCT = YES;
			};
			name = Release;
		};
		8F09ECF91EF29F1900F85D71 /* Debug */ = {
			isa = XCBuildConfiguration;
			baseConfigurationReference = FAA265591C5556FF1F04AEFE /* Pods-KIGitTrending.debug.xcconfig */;
			buildSettings = {
				ASSETCATALOG_COMPILER_APPICON_NAME = AppIcon;
				DEVELOPMENT_TEAM = 2HLNWTACRJ;
				INFOPLIST_FILE = KIGitTrending/Info.plist;
				LD_RUNPATH_SEARCH_PATHS = "$(inherited) @executable_path/Frameworks";
				PRODUCT_BUNDLE_IDENTIFIER = com.kyeong.KIGitTrending;
				PRODUCT_NAME = "$(TARGET_NAME)";
				SWIFT_VERSION = 3.0;
			};
			name = Debug;
		};
		8F09ECFA1EF29F1900F85D71 /* Release */ = {
			isa = XCBuildConfiguration;
			baseConfigurationReference = DE8446A798D97F75F123BF3F /* Pods-KIGitTrending.release.xcconfig */;
			buildSettings = {
				ASSETCATALOG_COMPILER_APPICON_NAME = AppIcon;
				DEVELOPMENT_TEAM = 2HLNWTACRJ;
				INFOPLIST_FILE = KIGitTrending/Info.plist;
				LD_RUNPATH_SEARCH_PATHS = "$(inherited) @executable_path/Frameworks";
				PRODUCT_BUNDLE_IDENTIFIER = com.kyeong.KIGitTrending;
				PRODUCT_NAME = "$(TARGET_NAME)";
				SWIFT_VERSION = 3.0;
			};
			name = Release;
		};
		8F09ECFC1EF29F1900F85D71 /* Debug */ = {
			isa = XCBuildConfiguration;
			baseConfigurationReference = 88D028431F8F895F35995BCD /* Pods-KIGitTrendingTests.debug.xcconfig */;
			buildSettings = {
				ALWAYS_EMBED_SWIFT_STANDARD_LIBRARIES = YES;
				BUNDLE_LOADER = "$(TEST_HOST)";
				INFOPLIST_FILE = KIGitTrendingTests/Info.plist;
				LD_RUNPATH_SEARCH_PATHS = "$(inherited) @executable_path/Frameworks @loader_path/Frameworks";
				PRODUCT_BUNDLE_IDENTIFIER = com.kyeong.KIGitTrendingTests;
				PRODUCT_NAME = "$(TARGET_NAME)";
				SWIFT_VERSION = 3.0;
				TEST_HOST = "$(BUILT_PRODUCTS_DIR)/KIGitTrending.app/KIGitTrending";
			};
			name = Debug;
		};
		8F09ECFD1EF29F1900F85D71 /* Release */ = {
			isa = XCBuildConfiguration;
			baseConfigurationReference = 021D301CD2A6DE2B278B9DD6 /* Pods-KIGitTrendingTests.release.xcconfig */;
			buildSettings = {
				ALWAYS_EMBED_SWIFT_STANDARD_LIBRARIES = YES;
				BUNDLE_LOADER = "$(TEST_HOST)";
				INFOPLIST_FILE = KIGitTrendingTests/Info.plist;
				LD_RUNPATH_SEARCH_PATHS = "$(inherited) @executable_path/Frameworks @loader_path/Frameworks";
				PRODUCT_BUNDLE_IDENTIFIER = com.kyeong.KIGitTrendingTests;
				PRODUCT_NAME = "$(TARGET_NAME)";
				SWIFT_VERSION = 3.0;
				TEST_HOST = "$(BUILT_PRODUCTS_DIR)/KIGitTrending.app/KIGitTrending";
			};
			name = Release;
		};
		8F09ECFF1EF29F1900F85D71 /* Debug */ = {
			isa = XCBuildConfiguration;
			baseConfigurationReference = 9DE358FA0DC72B3653F84B99 /* Pods-KIGitTrendingUITests.debug.xcconfig */;
			buildSettings = {
				ALWAYS_EMBED_SWIFT_STANDARD_LIBRARIES = YES;
				INFOPLIST_FILE = KIGitTrendingUITests/Info.plist;
				LD_RUNPATH_SEARCH_PATHS = "$(inherited) @executable_path/Frameworks @loader_path/Frameworks";
				PRODUCT_BUNDLE_IDENTIFIER = com.kyeong.KIGitTrendingUITests;
				PRODUCT_NAME = "$(TARGET_NAME)";
				SWIFT_VERSION = 3.0;
				TEST_TARGET_NAME = KIGitTrending;
			};
			name = Debug;
		};
		8F09ED001EF29F1900F85D71 /* Release */ = {
			isa = XCBuildConfiguration;
			baseConfigurationReference = 3A2E1CED055B566B000007E5 /* Pods-KIGitTrendingUITests.release.xcconfig */;
			buildSettings = {
				ALWAYS_EMBED_SWIFT_STANDARD_LIBRARIES = YES;
				INFOPLIST_FILE = KIGitTrendingUITests/Info.plist;
				LD_RUNPATH_SEARCH_PATHS = "$(inherited) @executable_path/Frameworks @loader_path/Frameworks";
				PRODUCT_BUNDLE_IDENTIFIER = com.kyeong.KIGitTrendingUITests;
				PRODUCT_NAME = "$(TARGET_NAME)";
				SWIFT_VERSION = 3.0;
				TEST_TARGET_NAME = KIGitTrending;
			};
			name = Release;
		};
/* End XCBuildConfiguration section */

/* Begin XCConfigurationList section */
		8F09ECC81EF29F1900F85D71 /* Build configuration list for PBXProject "KIGitTrending" */ = {
			isa = XCConfigurationList;
			buildConfigurations = (
				8F09ECF61EF29F1900F85D71 /* Debug */,
				8F09ECF71EF29F1900F85D71 /* Release */,
			);
			defaultConfigurationIsVisible = 0;
			defaultConfigurationName = Release;
		};
		8F09ECF81EF29F1900F85D71 /* Build configuration list for PBXNativeTarget "KIGitTrending" */ = {
			isa = XCConfigurationList;
			buildConfigurations = (
				8F09ECF91EF29F1900F85D71 /* Debug */,
				8F09ECFA1EF29F1900F85D71 /* Release */,
			);
			defaultConfigurationIsVisible = 0;
			defaultConfigurationName = Release;
		};
		8F09ECFB1EF29F1900F85D71 /* Build configuration list for PBXNativeTarget "KIGitTrendingTests" */ = {
			isa = XCConfigurationList;
			buildConfigurations = (
				8F09ECFC1EF29F1900F85D71 /* Debug */,
				8F09ECFD1EF29F1900F85D71 /* Release */,
			);
			defaultConfigurationIsVisible = 0;
			defaultConfigurationName = Release;
		};
		8F09ECFE1EF29F1900F85D71 /* Build configuration list for PBXNativeTarget "KIGitTrendingUITests" */ = {
			isa = XCConfigurationList;
			buildConfigurations = (
				8F09ECFF1EF29F1900F85D71 /* Debug */,
				8F09ED001EF29F1900F85D71 /* Release */,
			);
			defaultConfigurationIsVisible = 0;
			defaultConfigurationName = Release;
		};
/* End XCConfigurationList section */

/* Begin XCVersionGroup section */
		8F09ECD71EF29F1900F85D71 /* KIGitTrending.xcdatamodeld */ = {
			isa = XCVersionGroup;
			children = (
				8F09ECD81EF29F1900F85D71 /* KIGitTrending.xcdatamodel */,
			);
			currentVersion = 8F09ECD81EF29F1900F85D71 /* KIGitTrending.xcdatamodel */;
			path = KIGitTrending.xcdatamodeld;
			sourceTree = "<group>";
			versionGroupType = wrapper.xcdatamodel;
		};
/* End XCVersionGroup section */
	};
	rootObject = 8F09ECC51EF29F1900F85D71 /* Project object */;
}
